
Microsoft Visual Studio Solution File, Format Version 12.00
# Visual Studio Version 17
VisualStudioVersion = 17.7.34009.444
MinimumVisualStudioVersion = 10.0.40219.1
Project("{FAE04EC0-301F-11D3-BF4B-00C04F79EFBC}") = "newKeluhanMasyarakat", "newKeluhanMasyarakat\newKeluhanMasyarakat.csproj", "{052AE16E-A492-4D94-B606-40FCD6EA9062}"
EndProject
Global
	GlobalSection(SolutionConfigurationPlatforms) = preSolution
		Debug|Any CPU = Debug|Any CPU
		Release|Any CPU = Release|Any CPU
	EndGlobalSection
	GlobalSection(ProjectConfigurationPlatforms) = postSolution
		{052AE16E-A492-4D94-B606-40FCD6EA9062}.Debug|Any CPU.ActiveCfg = Debug|Any CPU
		{052AE16E-A492-4D94-B606-40FCD6EA9062}.Debug|Any CPU.Build.0 = Debug|Any CPU
		{052AE16E-A492-4D94-B606-40FCD6EA9062}.Release|Any CPU.ActiveCfg = Release|Any CPU
		{052AE16E-A492-4D94-B606-40FCD6EA9062}.Release|Any CPU.Build.0 = Release|Any CPU
	EndGlobalSection
	GlobalSection(SolutionProperties) = preSolution
		HideSolutionNode = FALSE
	EndGlobalSection
	GlobalSection(ExtensibilityGlobals) = postSolution
		SolutionGuid = {38995888-7D22-4E6E-9F0D-220BCDB24F13}
	EndGlobalSection
EndGlobal
